
Microsoft Visual Studio Solution File, Format Version 12.00
# Visual Studio Version 18
VisualStudioVersion = 18.0.11217.181 d18.0
MinimumVisualStudioVersion = 10.0.40219.1
Project("{FAE04EC0-301F-11D3-BF4B-00C04F79EFBC}") = "JsonVerifier", "JsonVerifier\JsonVerifier.csproj", "{EEECD470-EC20-4FC1-9B60-294D8AA36603}"
EndProject
Project("{FAE04EC0-301F-11D3-BF4B-00C04F79EFBC}") = "SolutionVerifier", "SolutionVerifier\SolutionVerifier.csproj", "{6BC2D1E4-5BED-4791-9EF7-C46AAB6C19D4}"
EndProject
Project("{FAE04EC0-301F-11D3-BF4B-00C04F79EFBC}") = "VerfifierTests", "IRTest\VerfifierTests.csproj", "{F0A5DD8B-2D94-4645-B9EE-2CA58DD3AA5F}"
EndProject
Global
	GlobalSection(SolutionConfigurationPlatforms) = preSolution
		Debug|Any CPU = Debug|Any CPU
		Release|Any CPU = Release|Any CPU
	EndGlobalSection
	GlobalSection(ProjectConfigurationPlatforms) = postSolution
		{EEECD470-EC20-4FC1-9B60-294D8AA36603}.Debug|Any CPU.ActiveCfg = Debug|Any CPU
		{EEECD470-EC20-4FC1-9B60-294D8AA36603}.Debug|Any CPU.Build.0 = Debug|Any CPU
		{EEECD470-EC20-4FC1-9B60-294D8AA36603}.Release|Any CPU.ActiveCfg = Release|Any CPU
		{EEECD470-EC20-4FC1-9B60-294D8AA36603}.Release|Any CPU.Build.0 = Release|Any CPU
		{6BC2D1E4-5BED-4791-9EF7-C46AAB6C19D4}.Debug|Any CPU.ActiveCfg = Debug|Any CPU
		{6BC2D1E4-5BED-4791-9EF7-C46AAB6C19D4}.Debug|Any CPU.Build.0 = Debug|Any CPU
		{6BC2D1E4-5BED-4791-9EF7-C46AAB6C19D4}.Release|Any CPU.ActiveCfg = Release|Any CPU
		{6BC2D1E4-5BED-4791-9EF7-C46AAB6C19D4}.Release|Any CPU.Build.0 = Release|Any CPU
		{F0A5DD8B-2D94-4645-B9EE-2CA58DD3AA5F}.Debug|Any CPU.ActiveCfg = Debug|Any CPU
		{F0A5DD8B-2D94-4645-B9EE-2CA58DD3AA5F}.Debug|Any CPU.Build.0 = Debug|Any CPU
		{F0A5DD8B-2D94-4645-B9EE-2CA58DD3AA5F}.Release|Any CPU.ActiveCfg = Release|Any CPU
		{F0A5DD8B-2D94-4645-B9EE-2CA58DD3AA5F}.Release|Any CPU.Build.0 = Release|Any CPU
	EndGlobalSection
	GlobalSection(SolutionProperties) = preSolution
		HideSolutionNode = FALSE
	EndGlobalSection
	GlobalSection(ExtensibilityGlobals) = postSolution
		SolutionGuid = {9FA13BB6-06DC-49DB-8383-65CB51E6CD75}
	EndGlobalSection
EndGlobal
